
Microsoft Visual Studio Solution File, Format Version 12.00
# Visual Studio Version 16
VisualStudioVersion = 16.0.31005.135
MinimumVisualStudioVersion = 10.0.40219.1
Project("{2150E333-8FDC-42A3-9474-1A3956D46DE8}") = "Services", "Services", "{B068907A-54BC-4197-BE0C-F3A97F3DD0BA}"
EndProject
Project("{9A19103F-16F7-4668-BE54-9A1E7A4F7556}") = "Catalog.API", "Services\Catalog.API\Catalog.API.csproj", "{662A04A8-7DE4-43C1-A1CD-96D0A87327C5}"
EndProject
Project("{E53339B2-1760-4266-BCC7-CA923CBCF16C}") = "docker-compose", "docker-compose.dcproj", "{2586D6C2-34E3-4A0D-B335-6B942397ABA2}"
EndProject
Project("{2150E333-8FDC-42A3-9474-1A3956D46DE8}") = "Catalog", "Catalog", "{65A67302-A1F5-481A-8FC6-6CB8F3BAD174}"
EndProject
Project("{2150E333-8FDC-42A3-9474-1A3956D46DE8}") = "Basket", "Basket", "{1022EED6-D8F6-4C41-B5D3-C057E2C69E0D}"
EndProject
Project("{FAE04EC0-301F-11D3-BF4B-00C04F79EFBC}") = "Basket.API", "Services\Basket\Basket.API\Basket.API.csproj", "{BA9DDDB0-2CD1-43A5-8915-47178605E107}"
EndProject
Global
	GlobalSection(SolutionConfigurationPlatforms) = preSolution
		Debug|Any CPU = Debug|Any CPU
		Release|Any CPU = Release|Any CPU
	EndGlobalSection
	GlobalSection(ProjectConfigurationPlatforms) = postSolution
		{662A04A8-7DE4-43C1-A1CD-96D0A87327C5}.Debug|Any CPU.ActiveCfg = Debug|Any CPU
		{662A04A8-7DE4-43C1-A1CD-96D0A87327C5}.Debug|Any CPU.Build.0 = Debug|Any CPU
		{662A04A8-7DE4-43C1-A1CD-96D0A87327C5}.Release|Any CPU.ActiveCfg = Release|Any CPU
		{662A04A8-7DE4-43C1-A1CD-96D0A87327C5}.Release|Any CPU.Build.0 = Release|Any CPU
		{2586D6C2-34E3-4A0D-B335-6B942397ABA2}.Debug|Any CPU.ActiveCfg = Debug|Any CPU
		{2586D6C2-34E3-4A0D-B335-6B942397ABA2}.Debug|Any CPU.Build.0 = Debug|Any CPU
		{2586D6C2-34E3-4A0D-B335-6B942397ABA2}.Release|Any CPU.ActiveCfg = Release|Any CPU
		{2586D6C2-34E3-4A0D-B335-6B942397ABA2}.Release|Any CPU.Build.0 = Release|Any CPU
		{BA9DDDB0-2CD1-43A5-8915-47178605E107}.Debug|Any CPU.ActiveCfg = Debug|Any CPU
		{BA9DDDB0-2CD1-43A5-8915-47178605E107}.Debug|Any CPU.Build.0 = Debug|Any CPU
		{BA9DDDB0-2CD1-43A5-8915-47178605E107}.Release|Any CPU.ActiveCfg = Release|Any CPU
		{BA9DDDB0-2CD1-43A5-8915-47178605E107}.Release|Any CPU.Build.0 = Release|Any CPU
	EndGlobalSection
	GlobalSection(SolutionProperties) = preSolution
		HideSolutionNode = FALSE
	EndGlobalSection
	GlobalSection(NestedProjects) = preSolution
		{662A04A8-7DE4-43C1-A1CD-96D0A87327C5} = {65A67302-A1F5-481A-8FC6-6CB8F3BAD174}
		{65A67302-A1F5-481A-8FC6-6CB8F3BAD174} = {B068907A-54BC-4197-BE0C-F3A97F3DD0BA}
		{1022EED6-D8F6-4C41-B5D3-C057E2C69E0D} = {B068907A-54BC-4197-BE0C-F3A97F3DD0BA}
		{BA9DDDB0-2CD1-43A5-8915-47178605E107} = {1022EED6-D8F6-4C41-B5D3-C057E2C69E0D}
	EndGlobalSection
	GlobalSection(ExtensibilityGlobals) = postSolution
		SolutionGuid = {7FA7F612-E501-4AEF-AEB5-3E80F3E35429}
	EndGlobalSection
EndGlobal
